# THIS IS AN AUTOGENERATED FILE. DO NOT EDIT THIS FILE DIRECTLY.
# yarn lockfile v1


"@prisma/debug@5.18.0":
  version "5.18.0"
  resolved "https://registry.npmjs.org/@prisma/debug/-/debug-5.18.0.tgz#527799e044d2903a35945e61ac2d8916e4b61ead"
  integrity sha512-f+ZvpTLidSo3LMJxQPVgAxdAjzv5OpzAo/eF8qZqbwvgi2F5cTOI9XCpdRzJYA0iGfajjwjOKKrVq64vkxEfUw==

"@prisma/engines-version@5.18.0-25.4c784e32044a8a016d99474bd02a3b6123742169":
  version "5.18.0-25.4c784e32044a8a016d99474bd02a3b6123742169"
  resolved "https://registry.npmjs.org/@prisma/engines-version/-/engines-version-5.18.0-25.4c784e32044a8a016d99474bd02a3b6123742169.tgz#203426ebf4ec4e1acce7da4a59ec8f0df92b29e7"
  integrity sha512-a/+LpJj8vYU3nmtkg+N3X51ddbt35yYrRe8wqHTJtYQt7l1f8kjIBcCs6sHJvodW/EK5XGvboOiwm47fmNrbgg==

"@prisma/engines@5.18.0":
  version "5.18.0"
  resolved "https://registry.npmjs.org/@prisma/engines/-/engines-5.18.0.tgz#26ea46e26498be622407cf95663d7fb4c39c895b"
  integrity sha512-ofmpGLeJ2q2P0wa/XaEgTnX/IsLnvSp/gZts0zjgLNdBhfuj2lowOOPmDcfKljLQUXMvAek3lw5T01kHmCG8rg==
  dependencies:
    "@prisma/debug" "5.18.0"
    "@prisma/engines-version" "5.18.0-25.4c784e32044a8a016d99474bd02a3b6123742169"
    "@prisma/fetch-engine" "5.18.0"
    "@prisma/get-platform" "5.18.0"

"@prisma/fetch-engine@5.18.0":
  version "5.18.0"
  resolved "https://registry.npmjs.org/@prisma/fetch-engine/-/fetch-engine-5.18.0.tgz#5b343e2b36b27e2713901ddd032ddd6932b3d55f"
  integrity sha512-I/3u0x2n31rGaAuBRx2YK4eB7R/1zCuayo2DGwSpGyrJWsZesrV7QVw7ND0/Suxeo/vLkJ5OwuBqHoCxvTHpOg==
  dependencies:
    "@prisma/debug" "5.18.0"
    "@prisma/engines-version" "5.18.0-25.4c784e32044a8a016d99474bd02a3b6123742169"
    "@prisma/get-platform" "5.18.0"

"@prisma/get-platform@5.18.0":
  version "5.18.0"
  resolved "https://registry.npmjs.org/@prisma/get-platform/-/get-platform-5.18.0.tgz#0dc4c82fe9a4971f4519a57cb2dd69d8e0df4b71"
  integrity sha512-Tk+m7+uhqcKDgnMnFN0lRiH7Ewea0OEsZZs9pqXa7i3+7svS3FSCqDBCaM9x5fmhhkufiG0BtunJVDka+46DlA==
  dependencies:
    "@prisma/debug" "5.18.0"

prisma@^5.18.0:
  version "5.18.0"
  resolved "https://registry.npmjs.org/prisma/-/prisma-5.18.0.tgz#5ef69c802a075b7596231ea57003496873610b9e"
  integrity sha512-+TrSIxZsh64OPOmaSgVPH7ALL9dfU0jceYaMJXsNrTkFHO7/3RANi5K2ZiPB1De9+KDxCWn7jvRq8y8pvk+o9g==
  dependencies:
    "@prisma/engines" "5.18.0"
